// !$*UTF8*$!
{
	archiveVersion = 1;
	classes = {
	};
	objectVersion = 56;
	objects = {

/* Begin PBXBuildFile section */
		DE4F93E62A0C957700B1F587 /* LCPViewModel.swift in Sources */ = {isa = PBXBuildFile; fileRef = DE4F93E12A0C957700B1F587 /* LCPViewModel.swift */; };
		DE4F93E72A0C957700B1F587 /* DRM.storyboard in Resources */ = {isa = PBXBuildFile; fileRef = DE4F93E22A0C957700B1F587 /* DRM.storyboard */; };
		DE4F93E82A0C957700B1F587 /* DRMManagementTableViewController.swift in Sources */ = {isa = PBXBuildFile; fileRef = DE4F93E42A0C957700B1F587 /* DRMManagementTableViewController.swift */; };
		DE4F93E92A0C957700B1F587 /* DRMViewModel.swift in Sources */ = {isa = PBXBuildFile; fileRef = DE4F93E52A0C957700B1F587 /* DRMViewModel.swift */; };
		DE5E42742A04ED8500181764 /* GRDB in Frameworks */ = {isa = PBXBuildFile; productRef = DE5E42732A04ED8500181764 /* GRDB */; };
		DE5E42772A04EE2300181764 /* Kingfisher in Frameworks */ = {isa = PBXBuildFile; productRef = DE5E42762A04EE2300181764 /* Kingfisher */; };
		DE5E427A2A04EE8E00181764 /* MBProgressHUD in Frameworks */ = {isa = PBXBuildFile; productRef = DE5E42792A04EE8E00181764 /* MBProgressHUD */; };
		DE5E427C2A04EF4C00181764 /* Publication.swift in Sources */ = {isa = PBXBuildFile; fileRef = DE5E427B2A04EF4C00181764 /* Publication.swift */; };
		DE6A02F32A04F2B300F1B747 /* AnyPublisher.swift in Sources */ = {isa = PBXBuildFile; fileRef = DE6A02F22A04F2B300F1B747 /* AnyPublisher.swift */; };
		DE6A02F52A04F30300F1B747 /* Future.swift in Sources */ = {isa = PBXBuildFile; fileRef = DE6A02F42A04F30300F1B747 /* Future.swift */; };
		DE6A02F72A04FA4500F1B747 /* Database.swift in Sources */ = {isa = PBXBuildFile; fileRef = DE6A02F62A04FA4500F1B747 /* Database.swift */; };
		DE6A02F92A04FE9300F1B747 /* Locator.swift in Sources */ = {isa = PBXBuildFile; fileRef = DE6A02F82A04FE9300F1B747 /* Locator.swift */; };
		DE6A02FB2A05067500F1B747 /* BookDetailView.swift in Sources */ = {isa = PBXBuildFile; fileRef = DE6A02FA2A05067500F1B747 /* BookDetailView.swift */; };
		DE6A02FD2A063EF500F1B747 /* AddBookWithLinkView.swift in Sources */ = {isa = PBXBuildFile; fileRef = DE6A02FC2A063EF500F1B747 /* AddBookWithLinkView.swift */; };
		DE6A03002A089EB600F1B747 /* LibraryService.swift in Sources */ = {isa = PBXBuildFile; fileRef = DE6A02FF2A089EB600F1B747 /* LibraryService.swift */; };
		DE6A03022A089ED800F1B747 /* LibraryError.swift in Sources */ = {isa = PBXBuildFile; fileRef = DE6A03012A089ED800F1B747 /* LibraryError.swift */; };
		DE6A03042A089F4700F1B747 /* DRMLibraryService.swift in Sources */ = {isa = PBXBuildFile; fileRef = DE6A03032A089F4700F1B747 /* DRMLibraryService.swift */; };
		DE6A03062A089FC500F1B747 /* HTTPClient.swift in Sources */ = {isa = PBXBuildFile; fileRef = DE6A03052A089FC500F1B747 /* HTTPClient.swift */; };
		DE6A03212A08E54F00F1B747 /* R2Navigator in Frameworks */ = {isa = PBXBuildFile; productRef = DE6A03202A08E54F00F1B747 /* R2Navigator */; };
		DE6A03232A08E54F00F1B747 /* R2Shared in Frameworks */ = {isa = PBXBuildFile; productRef = DE6A03222A08E54F00F1B747 /* R2Shared */; };
		DE6A03252A08E54F00F1B747 /* R2Streamer in Frameworks */ = {isa = PBXBuildFile; productRef = DE6A03242A08E54F00F1B747 /* R2Streamer */; };
		DE6A03272A08E54F00F1B747 /* ReadiumLCP in Frameworks */ = {isa = PBXBuildFile; productRef = DE6A03262A08E54F00F1B747 /* ReadiumLCP */; };
		DE6A03292A08E54F00F1B747 /* ReadiumOPDS in Frameworks */ = {isa = PBXBuildFile; productRef = DE6A03282A08E54F00F1B747 /* ReadiumOPDS */; };
		DE7D53B22A04ACCC00AE3C84 /* BookshelfView.swift in Sources */ = {isa = PBXBuildFile; fileRef = DE7D53B12A04ACCC00AE3C84 /* BookshelfView.swift */; };
		DE7D53B52A04ADD300AE3C84 /* Book.swift in Sources */ = {isa = PBXBuildFile; fileRef = DE7D53B42A04ADD300AE3C84 /* Book.swift */; };
		DE7D53B82A04AE5200AE3C84 /* Paths.swift in Sources */ = {isa = PBXBuildFile; fileRef = DE7D53B72A04AE5200AE3C84 /* Paths.swift */; };
		DEDAE3162A03B33D0013E657 /* MyReaderApp.swift in Sources */ = {isa = PBXBuildFile; fileRef = DEDAE3152A03B33D0013E657 /* MyReaderApp.swift */; };
		DEDAE3182A03B33D0013E657 /* TabPageView.swift in Sources */ = {isa = PBXBuildFile; fileRef = DEDAE3172A03B33D0013E657 /* TabPageView.swift */; };
		DEDAE31A2A03B33E0013E657 /* Assets.xcassets in Resources */ = {isa = PBXBuildFile; fileRef = DEDAE3192A03B33E0013E657 /* Assets.xcassets */; };
		DEDAE31D2A03B33E0013E657 /* Preview Assets.xcassets in Resources */ = {isa = PBXBuildFile; fileRef = DEDAE31C2A03B33E0013E657 /* Preview Assets.xcassets */; };
		DEE942A42A0B40FD00DD75F6 /* PDFModule.swift in Sources */ = {isa = PBXBuildFile; fileRef = DEE942882A0B40FD00DD75F6 /* PDFModule.swift */; };
		DEE942A52A0B40FD00DD75F6 /* PDFViewController.swift in Sources */ = {isa = PBXBuildFile; fileRef = DEE942892A0B40FD00DD75F6 /* PDFViewController.swift */; };
		DEE942A62A0B40FD00DD75F6 /* UserPreferences.swift in Sources */ = {isa = PBXBuildFile; fileRef = DEE9428C2A0B40FD00DD75F6 /* UserPreferences.swift */; };
		DEE942A72A0B40FD00DD75F6 /* ReaderViewController.swift in Sources */ = {isa = PBXBuildFile; fileRef = DEE9428D2A0B40FD00DD75F6 /* ReaderViewController.swift */; };
		DEE942A82A0B40FD00DD75F6 /* BookmarkCellView.swift in Sources */ = {isa = PBXBuildFile; fileRef = DEE9428F2A0B40FD00DD75F6 /* BookmarkCellView.swift */; };
		DEE942A92A0B40FD00DD75F6 /* HighlightCellView.swift in Sources */ = {isa = PBXBuildFile; fileRef = DEE942912A0B40FD00DD75F6 /* HighlightCellView.swift */; };
		DEE942AA2A0B40FD00DD75F6 /* HighlightContextMenu.swift in Sources */ = {isa = PBXBuildFile; fileRef = DEE942922A0B40FD00DD75F6 /* HighlightContextMenu.swift */; };
		DEE942AB2A0B40FD00DD75F6 /* SearchView.swift in Sources */ = {isa = PBXBuildFile; fileRef = DEE942942A0B40FD00DD75F6 /* SearchView.swift */; };
		DEE942AC2A0B40FD00DD75F6 /* SearchViewModel.swift in Sources */ = {isa = PBXBuildFile; fileRef = DEE942952A0B40FD00DD75F6 /* SearchViewModel.swift */; };
		DEE942AD2A0B40FD00DD75F6 /* OutlineViewModels.swift in Sources */ = {isa = PBXBuildFile; fileRef = DEE942972A0B40FD00DD75F6 /* OutlineViewModels.swift */; };
		DEE942AE2A0B40FD00DD75F6 /* OutlineTableView.swift in Sources */ = {isa = PBXBuildFile; fileRef = DEE942982A0B40FD00DD75F6 /* OutlineTableView.swift */; };
		DEE942AF2A0B40FD00DD75F6 /* TTSView.swift in Sources */ = {isa = PBXBuildFile; fileRef = DEE9429A2A0B40FD00DD75F6 /* TTSView.swift */; };
		DEE942B02A0B40FD00DD75F6 /* TTSViewModel.swift in Sources */ = {isa = PBXBuildFile; fileRef = DEE9429B2A0B40FD00DD75F6 /* TTSViewModel.swift */; };
		DEE942B12A0B40FD00DD75F6 /* ReaderFactory.swift in Sources */ = {isa = PBXBuildFile; fileRef = DEE9429C2A0B40FD00DD75F6 /* ReaderFactory.swift */; };
		DEE942B22A0B40FD00DD75F6 /* ReaderError.swift in Sources */ = {isa = PBXBuildFile; fileRef = DEE9429D2A0B40FD00DD75F6 /* ReaderError.swift */; };
		DEE942B32A0B40FD00DD75F6 /* ReaderModule.swift in Sources */ = {isa = PBXBuildFile; fileRef = DEE9429E2A0B40FD00DD75F6 /* ReaderModule.swift */; };
		DEE942B42A0B40FD00DD75F6 /* ReaderFormatModule.swift in Sources */ = {isa = PBXBuildFile; fileRef = DEE9429F2A0B40FD00DD75F6 /* ReaderFormatModule.swift */; };
		DEE942B52A0B40FD00DD75F6 /* EPUBModule.swift in Sources */ = {isa = PBXBuildFile; fileRef = DEE942A12A0B40FD00DD75F6 /* EPUBModule.swift */; };
		DEE942B62A0B40FD00DD75F6 /* EPUBViewController.swift in Sources */ = {isa = PBXBuildFile; fileRef = DEE942A22A0B40FD00DD75F6 /* EPUBViewController.swift */; };
		DEE942B72A0B40FD00DD75F6 /* Toast.swift in Sources */ = {isa = PBXBuildFile; fileRef = DEE942A32A0B40FD00DD75F6 /* Toast.swift */; };
		DEE942B92A0B415800DD75F6 /* Bookmark.swift in Sources */ = {isa = PBXBuildFile; fileRef = DEE942B82A0B415800DD75F6 /* Bookmark.swift */; };
		DEE942BB2A0B416C00DD75F6 /* Highlight.swift in Sources */ = {isa = PBXBuildFile; fileRef = DEE942BA2A0B416C00DD75F6 /* Highlight.swift */; };
		DEE942BD2A0B417100DD75F6 /* UserPreferencesStore.swift in Sources */ = {isa = PBXBuildFile; fileRef = DEE942BC2A0B417100DD75F6 /* UserPreferencesStore.swift */; };
		DEE942C02A0B41BD00DD75F6 /* IconButton.swift in Sources */ = {isa = PBXBuildFile; fileRef = DEE942BF2A0B41BD00DD75F6 /* IconButton.swift */; };
		DEE942C22A0B41DB00DD75F6 /* BarButtonItem.swift in Sources */ = {isa = PBXBuildFile; fileRef = DEE942C12A0B41DB00DD75F6 /* BarButtonItem.swift */; };
		DEE942C52A0B72DC00DD75F6 /* GCDHTTPServer.swift in Sources */ = {isa = PBXBuildFile; fileRef = DEE942C42A0B72DC00DD75F6 /* GCDHTTPServer.swift */; };
		DEE942C72A0B730700DD75F6 /* ResourceResponse.swift in Sources */ = {isa = PBXBuildFile; fileRef = DEE942C62A0B730700DD75F6 /* ResourceResponse.swift */; };
/* End PBXBuildFile section */

/* Begin PBXFileReference section */
		DE4F93E12A0C957700B1F587 /* LCPViewModel.swift */ = {isa = PBXFileReference; fileEncoding = 4; lastKnownFileType = sourcecode.swift; path = LCPViewModel.swift; sourceTree = "<group>"; };
		DE4F93E32A0C957700B1F587 /* Base */ = {isa = PBXFileReference; lastKnownFileType = file.storyboard; name = Base; path = Base.lproj/DRM.storyboard; sourceTree = "<group>"; };
		DE4F93E42A0C957700B1F587 /* DRMManagementTableViewController.swift */ = {isa = PBXFileReference; fileEncoding = 4; lastKnownFileType = sourcecode.swift; path = DRMManagementTableViewController.swift; sourceTree = "<group>"; };
		DE4F93E52A0C957700B1F587 /* DRMViewModel.swift */ = {isa = PBXFileReference; fileEncoding = 4; lastKnownFileType = sourcecode.swift; path = DRMViewModel.swift; sourceTree = "<group>"; };
		DE5E427B2A04EF4C00181764 /* Publication.swift */ = {isa = PBXFileReference; lastKnownFileType = sourcecode.swift; path = Publication.swift; sourceTree = "<group>"; };
		DE6A02F22A04F2B300F1B747 /* AnyPublisher.swift */ = {isa = PBXFileReference; lastKnownFileType = sourcecode.swift; path = AnyPublisher.swift; sourceTree = "<group>"; };
		DE6A02F42A04F30300F1B747 /* Future.swift */ = {isa = PBXFileReference; lastKnownFileType = sourcecode.swift; path = Future.swift; sourceTree = "<group>"; };
		DE6A02F62A04FA4500F1B747 /* Database.swift */ = {isa = PBXFileReference; lastKnownFileType = sourcecode.swift; path = Database.swift; sourceTree = "<group>"; };
		DE6A02F82A04FE9300F1B747 /* Locator.swift */ = {isa = PBXFileReference; lastKnownFileType = sourcecode.swift; path = Locator.swift; sourceTree = "<group>"; };
		DE6A02FA2A05067500F1B747 /* BookDetailView.swift */ = {isa = PBXFileReference; lastKnownFileType = sourcecode.swift; path = BookDetailView.swift; sourceTree = "<group>"; };
		DE6A02FC2A063EF500F1B747 /* AddBookWithLinkView.swift */ = {isa = PBXFileReference; lastKnownFileType = sourcecode.swift; path = AddBookWithLinkView.swift; sourceTree = "<group>"; };
		DE6A02FF2A089EB600F1B747 /* LibraryService.swift */ = {isa = PBXFileReference; lastKnownFileType = sourcecode.swift; path = LibraryService.swift; sourceTree = "<group>"; };
		DE6A03012A089ED800F1B747 /* LibraryError.swift */ = {isa = PBXFileReference; lastKnownFileType = sourcecode.swift; path = LibraryError.swift; sourceTree = "<group>"; };
		DE6A03032A089F4700F1B747 /* DRMLibraryService.swift */ = {isa = PBXFileReference; lastKnownFileType = sourcecode.swift; path = DRMLibraryService.swift; sourceTree = "<group>"; };
		DE6A03052A089FC500F1B747 /* HTTPClient.swift */ = {isa = PBXFileReference; lastKnownFileType = sourcecode.swift; path = HTTPClient.swift; sourceTree = "<group>"; };
		DE7D53B12A04ACCC00AE3C84 /* BookshelfView.swift */ = {isa = PBXFileReference; lastKnownFileType = sourcecode.swift; path = BookshelfView.swift; sourceTree = "<group>"; };
		DE7D53B42A04ADD300AE3C84 /* Book.swift */ = {isa = PBXFileReference; lastKnownFileType = sourcecode.swift; path = Book.swift; sourceTree = "<group>"; };
		DE7D53B72A04AE5200AE3C84 /* Paths.swift */ = {isa = PBXFileReference; lastKnownFileType = sourcecode.swift; path = Paths.swift; sourceTree = "<group>"; };
		DEDAE3122A03B33D0013E657 /* MyReader.app */ = {isa = PBXFileReference; explicitFileType = wrapper.application; includeInIndex = 0; path = MyReader.app; sourceTree = BUILT_PRODUCTS_DIR; };
		DEDAE3152A03B33D0013E657 /* MyReaderApp.swift */ = {isa = PBXFileReference; lastKnownFileType = sourcecode.swift; path = MyReaderApp.swift; sourceTree = "<group>"; };
		DEDAE3172A03B33D0013E657 /* TabPageView.swift */ = {isa = PBXFileReference; lastKnownFileType = sourcecode.swift; path = TabPageView.swift; sourceTree = "<group>"; };
		DEDAE3192A03B33E0013E657 /* Assets.xcassets */ = {isa = PBXFileReference; lastKnownFileType = folder.assetcatalog; path = Assets.xcassets; sourceTree = "<group>"; };
		DEDAE31C2A03B33E0013E657 /* Preview Assets.xcassets */ = {isa = PBXFileReference; lastKnownFileType = folder.assetcatalog; path = "Preview Assets.xcassets"; sourceTree = "<group>"; };
		DEE942882A0B40FD00DD75F6 /* PDFModule.swift */ = {isa = PBXFileReference; fileEncoding = 4; lastKnownFileType = sourcecode.swift; path = PDFModule.swift; sourceTree = "<group>"; };
		DEE942892A0B40FD00DD75F6 /* PDFViewController.swift */ = {isa = PBXFileReference; fileEncoding = 4; lastKnownFileType = sourcecode.swift; path = PDFViewController.swift; sourceTree = "<group>"; };
		DEE9428C2A0B40FD00DD75F6 /* UserPreferences.swift */ = {isa = PBXFileReference; fileEncoding = 4; lastKnownFileType = sourcecode.swift; path = UserPreferences.swift; sourceTree = "<group>"; };
		DEE9428D2A0B40FD00DD75F6 /* ReaderViewController.swift */ = {isa = PBXFileReference; fileEncoding = 4; lastKnownFileType = sourcecode.swift; path = ReaderViewController.swift; sourceTree = "<group>"; };
		DEE9428F2A0B40FD00DD75F6 /* BookmarkCellView.swift */ = {isa = PBXFileReference; fileEncoding = 4; lastKnownFileType = sourcecode.swift; path = BookmarkCellView.swift; sourceTree = "<group>"; };
		DEE942912A0B40FD00DD75F6 /* HighlightCellView.swift */ = {isa = PBXFileReference; fileEncoding = 4; lastKnownFileType = sourcecode.swift; path = HighlightCellView.swift; sourceTree = "<group>"; };
		DEE942922A0B40FD00DD75F6 /* HighlightContextMenu.swift */ = {isa = PBXFileReference; fileEncoding = 4; lastKnownFileType = sourcecode.swift; path = HighlightContextMenu.swift; sourceTree = "<group>"; };
		DEE942942A0B40FD00DD75F6 /* SearchView.swift */ = {isa = PBXFileReference; fileEncoding = 4; lastKnownFileType = sourcecode.swift; path = SearchView.swift; sourceTree = "<group>"; };
		DEE942952A0B40FD00DD75F6 /* SearchViewModel.swift */ = {isa = PBXFileReference; fileEncoding = 4; lastKnownFileType = sourcecode.swift; path = SearchViewModel.swift; sourceTree = "<group>"; };
		DEE942972A0B40FD00DD75F6 /* OutlineViewModels.swift */ = {isa = PBXFileReference; fileEncoding = 4; lastKnownFileType = sourcecode.swift; path = OutlineViewModels.swift; sourceTree = "<group>"; };
		DEE942982A0B40FD00DD75F6 /* OutlineTableView.swift */ = {isa = PBXFileReference; fileEncoding = 4; lastKnownFileType = sourcecode.swift; path = OutlineTableView.swift; sourceTree = "<group>"; };
		DEE9429A2A0B40FD00DD75F6 /* TTSView.swift */ = {isa = PBXFileReference; fileEncoding = 4; lastKnownFileType = sourcecode.swift; path = TTSView.swift; sourceTree = "<group>"; };
		DEE9429B2A0B40FD00DD75F6 /* TTSViewModel.swift */ = {isa = PBXFileReference; fileEncoding = 4; lastKnownFileType = sourcecode.swift; path = TTSViewModel.swift; sourceTree = "<group>"; };
		DEE9429C2A0B40FD00DD75F6 /* ReaderFactory.swift */ = {isa = PBXFileReference; fileEncoding = 4; lastKnownFileType = sourcecode.swift; path = ReaderFactory.swift; sourceTree = "<group>"; };
		DEE9429D2A0B40FD00DD75F6 /* ReaderError.swift */ = {isa = PBXFileReference; fileEncoding = 4; lastKnownFileType = sourcecode.swift; path = ReaderError.swift; sourceTree = "<group>"; };
		DEE9429E2A0B40FD00DD75F6 /* ReaderModule.swift */ = {isa = PBXFileReference; fileEncoding = 4; lastKnownFileType = sourcecode.swift; path = ReaderModule.swift; sourceTree = "<group>"; };
		DEE9429F2A0B40FD00DD75F6 /* ReaderFormatModule.swift */ = {isa = PBXFileReference; fileEncoding = 4; lastKnownFileType = sourcecode.swift; path = ReaderFormatModule.swift; sourceTree = "<group>"; };
		DEE942A12A0B40FD00DD75F6 /* EPUBModule.swift */ = {isa = PBXFileReference; fileEncoding = 4; lastKnownFileType = sourcecode.swift; path = EPUBModule.swift; sourceTree = "<group>"; };
		DEE942A22A0B40FD00DD75F6 /* EPUBViewController.swift */ = {isa = PBXFileReference; fileEncoding = 4; lastKnownFileType = sourcecode.swift; path = EPUBViewController.swift; sourceTree = "<group>"; };
		DEE942A32A0B40FD00DD75F6 /* Toast.swift */ = {isa = PBXFileReference; fileEncoding = 4; lastKnownFileType = sourcecode.swift; path = Toast.swift; sourceTree = "<group>"; };
		DEE942B82A0B415800DD75F6 /* Bookmark.swift */ = {isa = PBXFileReference; fileEncoding = 4; lastKnownFileType = sourcecode.swift; path = Bookmark.swift; sourceTree = "<group>"; };
		DEE942BA2A0B416C00DD75F6 /* Highlight.swift */ = {isa = PBXFileReference; fileEncoding = 4; lastKnownFileType = sourcecode.swift; path = Highlight.swift; sourceTree = "<group>"; };
		DEE942BC2A0B417100DD75F6 /* UserPreferencesStore.swift */ = {isa = PBXFileReference; fileEncoding = 4; lastKnownFileType = sourcecode.swift; path = UserPreferencesStore.swift; sourceTree = "<group>"; };
		DEE942BF2A0B41BD00DD75F6 /* IconButton.swift */ = {isa = PBXFileReference; fileEncoding = 4; lastKnownFileType = sourcecode.swift; path = IconButton.swift; sourceTree = "<group>"; };
		DEE942C12A0B41DB00DD75F6 /* BarButtonItem.swift */ = {isa = PBXFileReference; fileEncoding = 4; lastKnownFileType = sourcecode.swift; path = BarButtonItem.swift; sourceTree = "<group>"; };
		DEE942C42A0B72DC00DD75F6 /* GCDHTTPServer.swift */ = {isa = PBXFileReference; lastKnownFileType = sourcecode.swift; path = GCDHTTPServer.swift; sourceTree = "<group>"; };
		DEE942C62A0B730700DD75F6 /* ResourceResponse.swift */ = {isa = PBXFileReference; lastKnownFileType = sourcecode.swift; path = ResourceResponse.swift; sourceTree = "<group>"; };
/* End PBXFileReference section */

/* Begin PBXFrameworksBuildPhase section */
		DEDAE30F2A03B33D0013E657 /* Frameworks */ = {
			isa = PBXFrameworksBuildPhase;
			buildActionMask = 2147483647;
			files = (
				DE6A03292A08E54F00F1B747 /* ReadiumOPDS in Frameworks */,
				DE5E427A2A04EE8E00181764 /* MBProgressHUD in Frameworks */,
				DE5E42772A04EE2300181764 /* Kingfisher in Frameworks */,
				DE6A03232A08E54F00F1B747 /* R2Shared in Frameworks */,
				DE6A03252A08E54F00F1B747 /* R2Streamer in Frameworks */,
				DE6A03212A08E54F00F1B747 /* R2Navigator in Frameworks */,
				DE5E42742A04ED8500181764 /* GRDB in Frameworks */,
				DE6A03272A08E54F00F1B747 /* ReadiumLCP in Frameworks */,
			);
			runOnlyForDeploymentPostprocessing = 0;
		};
/* End PBXFrameworksBuildPhase section */

/* Begin PBXGroup section */
		DE4F93E02A0C957700B1F587 /* DRM */ = {
			isa = PBXGroup;
			children = (
				DE4F93E12A0C957700B1F587 /* LCPViewModel.swift */,
				DE4F93E22A0C957700B1F587 /* DRM.storyboard */,
				DE4F93E42A0C957700B1F587 /* DRMManagementTableViewController.swift */,
				DE4F93E52A0C957700B1F587 /* DRMViewModel.swift */,
			);
			path = DRM;
			sourceTree = "<group>";
		};
		DE6A02F02A04F29200F1B747 /* Toolkit */ = {
			isa = PBXGroup;
			children = (
				DEE942C12A0B41DB00DD75F6 /* BarButtonItem.swift */,
				DE6A02F12A04F29F00F1B747 /* Extensions */,
			);
			path = Toolkit;
			sourceTree = "<group>";
		};
		DE6A02F12A04F29F00F1B747 /* Extensions */ = {
			isa = PBXGroup;
			children = (
				DE6A02F22A04F2B300F1B747 /* AnyPublisher.swift */,
				DE6A02F42A04F30300F1B747 /* Future.swift */,
				DE6A02F82A04FE9300F1B747 /* Locator.swift */,
				DE6A03052A089FC500F1B747 /* HTTPClient.swift */,
			);
			path = Extensions;
			sourceTree = "<group>";
		};
		DE6A02FE2A089E9900F1B747 /* Library */ = {
			isa = PBXGroup;
			children = (
				DE6A02FF2A089EB600F1B747 /* LibraryService.swift */,
				DE6A03012A089ED800F1B747 /* LibraryError.swift */,
				DE6A03032A089F4700F1B747 /* DRMLibraryService.swift */,
			);
			path = Library;
			sourceTree = "<group>";
		};
		DE7D53B02A04AC9E00AE3C84 /* View */ = {
			isa = PBXGroup;
			children = (
				DE7D53B12A04ACCC00AE3C84 /* BookshelfView.swift */,
				DE6A02FA2A05067500F1B747 /* BookDetailView.swift */,
				DE6A02FC2A063EF500F1B747 /* AddBookWithLinkView.swift */,
			);
			path = View;
			sourceTree = "<group>";
		};
		DE7D53B32A04ADB400AE3C84 /* Model */ = {
			isa = PBXGroup;
			children = (
				DEE942BC2A0B417100DD75F6 /* UserPreferencesStore.swift */,
				DEE942BA2A0B416C00DD75F6 /* Highlight.swift */,
				DE7D53B42A04ADD300AE3C84 /* Book.swift */,
				DEE942B82A0B415800DD75F6 /* Bookmark.swift */,
				DE6A02F62A04FA4500F1B747 /* Database.swift */,
			);
			path = Model;
			sourceTree = "<group>";
		};
		DE7D53B62A04AE3A00AE3C84 /* Common */ = {
			isa = PBXGroup;
			children = (
				DE6A02F02A04F29200F1B747 /* Toolkit */,
				DEE942BE2A0B41BD00DD75F6 /* UX */,
				DE7D53B72A04AE5200AE3C84 /* Paths.swift */,
				DE5E427B2A04EF4C00181764 /* Publication.swift */,
			);
			path = Common;
			sourceTree = "<group>";
		};
		DEDAE3092A03B33D0013E657 = {
			isa = PBXGroup;
			children = (
				DEDAE3142A03B33D0013E657 /* MyReader */,
				DEDAE3132A03B33D0013E657 /* Products */,
			);
			sourceTree = "<group>";
		};
		DEDAE3132A03B33D0013E657 /* Products */ = {
			isa = PBXGroup;
			children = (
				DEDAE3122A03B33D0013E657 /* MyReader.app */,
			);
			name = Products;
			sourceTree = "<group>";
		};
		DEDAE3142A03B33D0013E657 /* MyReader */ = {
			isa = PBXGroup;
			children = (
				DEE942C32A0B716F00DD75F6 /* Adapter */,
				DE6A02FE2A089E9900F1B747 /* Library */,
				DE7D53B62A04AE3A00AE3C84 /* Common */,
				DE7D53B32A04ADB400AE3C84 /* Model */,
				DE7D53B02A04AC9E00AE3C84 /* View */,
				DEE942862A0B40FD00DD75F6 /* Reader */,
				DEDAE3152A03B33D0013E657 /* MyReaderApp.swift */,
				DEDAE3172A03B33D0013E657 /* TabPageView.swift */,
				DEDAE3192A03B33E0013E657 /* Assets.xcassets */,
				DEDAE31B2A03B33E0013E657 /* Preview Content */,
			);
			path = MyReader;
			sourceTree = "<group>";
		};
		DEDAE31B2A03B33E0013E657 /* Preview Content */ = {
			isa = PBXGroup;
			children = (
				DEDAE31C2A03B33E0013E657 /* Preview Assets.xcassets */,
			);
			path = "Preview Content";
			sourceTree = "<group>";
		};
		DEE942862A0B40FD00DD75F6 /* Reader */ = {
			isa = PBXGroup;
			children = (
				DEE942872A0B40FD00DD75F6 /* PDF */,
				DEE9428A2A0B40FD00DD75F6 /* Common */,
				DEE9429C2A0B40FD00DD75F6 /* ReaderFactory.swift */,
				DEE9429D2A0B40FD00DD75F6 /* ReaderError.swift */,
				DEE9429E2A0B40FD00DD75F6 /* ReaderModule.swift */,
				DEE9429F2A0B40FD00DD75F6 /* ReaderFormatModule.swift */,
				DEE942A02A0B40FD00DD75F6 /* EPUB */,
				DEE942A32A0B40FD00DD75F6 /* Toast.swift */,
			);
			name = Reader;
			path = MyReader/Reader;
			sourceTree = SOURCE_ROOT;
		};
		DEE942872A0B40FD00DD75F6 /* PDF */ = {
			isa = PBXGroup;
			children = (
				DEE942882A0B40FD00DD75F6 /* PDFModule.swift */,
				DEE942892A0B40FD00DD75F6 /* PDFViewController.swift */,
			);
			path = PDF;
			sourceTree = "<group>";
		};
		DEE9428A2A0B40FD00DD75F6 /* Common */ = {
			isa = PBXGroup;
			children = (
				DE4F93E02A0C957700B1F587 /* DRM */,
				DEE9428B2A0B40FD00DD75F6 /* Preferences */,
				DEE9428D2A0B40FD00DD75F6 /* ReaderViewController.swift */,
				DEE9428E2A0B40FD00DD75F6 /* Bookmark */,
				DEE942902A0B40FD00DD75F6 /* Highlight */,
				DEE942932A0B40FD00DD75F6 /* Search */,
				DEE942962A0B40FD00DD75F6 /* Outline */,
				DEE942992A0B40FD00DD75F6 /* TTS */,
			);
			path = Common;
			sourceTree = "<group>";
		};
		DEE9428B2A0B40FD00DD75F6 /* Preferences */ = {
			isa = PBXGroup;
			children = (
				DEE9428C2A0B40FD00DD75F6 /* UserPreferences.swift */,
			);
			path = Preferences;
			sourceTree = "<group>";
		};
		DEE9428E2A0B40FD00DD75F6 /* Bookmark */ = {
			isa = PBXGroup;
			children = (
				DEE9428F2A0B40FD00DD75F6 /* BookmarkCellView.swift */,
			);
			path = Bookmark;
			sourceTree = "<group>";
		};
		DEE942902A0B40FD00DD75F6 /* Highlight */ = {
			isa = PBXGroup;
			children = (
				DEE942912A0B40FD00DD75F6 /* HighlightCellView.swift */,
				DEE942922A0B40FD00DD75F6 /* HighlightContextMenu.swift */,
			);
			path = Highlight;
			sourceTree = "<group>";
		};
		DEE942932A0B40FD00DD75F6 /* Search */ = {
			isa = PBXGroup;
			children = (
				DEE942942A0B40FD00DD75F6 /* SearchView.swift */,
				DEE942952A0B40FD00DD75F6 /* SearchViewModel.swift */,
			);
			path = Search;
			sourceTree = "<group>";
		};
		DEE942962A0B40FD00DD75F6 /* Outline */ = {
			isa = PBXGroup;
			children = (
				DEE942972A0B40FD00DD75F6 /* OutlineViewModels.swift */,
				DEE942982A0B40FD00DD75F6 /* OutlineTableView.swift */,
			);
			path = Outline;
			sourceTree = "<group>";
		};
		DEE942992A0B40FD00DD75F6 /* TTS */ = {
			isa = PBXGroup;
			children = (
				DEE9429A2A0B40FD00DD75F6 /* TTSView.swift */,
				DEE9429B2A0B40FD00DD75F6 /* TTSViewModel.swift */,
			);
			path = TTS;
			sourceTree = "<group>";
		};
		DEE942A02A0B40FD00DD75F6 /* EPUB */ = {
			isa = PBXGroup;
			children = (
				DEE942A12A0B40FD00DD75F6 /* EPUBModule.swift */,
				DEE942A22A0B40FD00DD75F6 /* EPUBViewController.swift */,
			);
			path = EPUB;
			sourceTree = "<group>";
		};
		DEE942BE2A0B41BD00DD75F6 /* UX */ = {
			isa = PBXGroup;
			children = (
				DEE942BF2A0B41BD00DD75F6 /* IconButton.swift */,
			);
			path = UX;
			sourceTree = "<group>";
		};
		DEE942C32A0B716F00DD75F6 /* Adapter */ = {
			isa = PBXGroup;
			children = (
				DEE942C42A0B72DC00DD75F6 /* GCDHTTPServer.swift */,
				DEE942C62A0B730700DD75F6 /* ResourceResponse.swift */,
			);
			path = Adapter;
			sourceTree = "<group>";
		};
/* End PBXGroup section */

/* Begin PBXNativeTarget section */
		DEDAE3112A03B33D0013E657 /* MyReader */ = {
			isa = PBXNativeTarget;
			buildConfigurationList = DEDAE3202A03B33E0013E657 /* Build configuration list for PBXNativeTarget "MyReader" */;
			buildPhases = (
				DEDAE30E2A03B33D0013E657 /* Sources */,
				DEDAE30F2A03B33D0013E657 /* Frameworks */,
				DEDAE3102A03B33D0013E657 /* Resources */,
			);
			buildRules = (
			);
			dependencies = (
			);
			name = MyReader;
			packageProductDependencies = (
				DE5E42732A04ED8500181764 /* GRDB */,
				DE5E42762A04EE2300181764 /* Kingfisher */,
				DE5E42792A04EE8E00181764 /* MBProgressHUD */,
				DE6A03202A08E54F00F1B747 /* R2Navigator */,
				DE6A03222A08E54F00F1B747 /* R2Shared */,
				DE6A03242A08E54F00F1B747 /* R2Streamer */,
				DE6A03262A08E54F00F1B747 /* ReadiumLCP */,
				DE6A03282A08E54F00F1B747 /* ReadiumOPDS */,
			);
			productName = MyReader;
			productReference = DEDAE3122A03B33D0013E657 /* MyReader.app */;
			productType = "com.apple.product-type.application";
		};
/* End PBXNativeTarget section */

/* Begin PBXProject section */
		DEDAE30A2A03B33D0013E657 /* Project object */ = {
			isa = PBXProject;
			attributes = {
				BuildIndependentTargetsInParallel = 1;
				LastSwiftUpdateCheck = 1430;
				LastUpgradeCheck = 1430;
				TargetAttributes = {
					DEDAE3112A03B33D0013E657 = {
						CreatedOnToolsVersion = 14.3;
					};
				};
			};
			buildConfigurationList = DEDAE30D2A03B33D0013E657 /* Build configuration list for PBXProject "MyReader" */;
			compatibilityVersion = "Xcode 14.0";
			developmentRegion = en;
			hasScannedForEncodings = 0;
			knownRegions = (
				en,
				Base,
			);
			mainGroup = DEDAE3092A03B33D0013E657;
			packageReferences = (
				DE5E42722A04ED8500181764 /* XCRemoteSwiftPackageReference "GRDB" */,
				DE5E42752A04EE2300181764 /* XCRemoteSwiftPackageReference "Kingfisher" */,
				DE5E42782A04EE8E00181764 /* XCRemoteSwiftPackageReference "MBProgressHUD" */,
				DE6A031F2A08E54F00F1B747 /* XCRemoteSwiftPackageReference "swift-toolkit" */,
			);
			productRefGroup = DEDAE3132A03B33D0013E657 /* Products */;
			projectDirPath = "";
			projectRoot = "";
			targets = (
				DEDAE3112A03B33D0013E657 /* MyReader */,
			);
		};
/* End PBXProject section */

/* Begin PBXResourcesBuildPhase section */
		DEDAE3102A03B33D0013E657 /* Resources */ = {
			isa = PBXResourcesBuildPhase;
			buildActionMask = 2147483647;
			files = (
				DEDAE31D2A03B33E0013E657 /* Preview Assets.xcassets in Resources */,
				DE4F93E72A0C957700B1F587 /* DRM.storyboard in Resources */,
				DEDAE31A2A03B33E0013E657 /* Assets.xcassets in Resources */,
			);
			runOnlyForDeploymentPostprocessing = 0;
		};
/* End PBXResourcesBuildPhase section */

/* Begin PBXSourcesBuildPhase section */
		DEDAE30E2A03B33D0013E657 /* Sources */ = {
			isa = PBXSourcesBuildPhase;
			buildActionMask = 2147483647;
			files = (
				DE4F93E62A0C957700B1F587 /* LCPViewModel.swift in Sources */,
				DE5E427C2A04EF4C00181764 /* Publication.swift in Sources */,
				DEE942AD2A0B40FD00DD75F6 /* OutlineViewModels.swift in Sources */,
				DE6A02FD2A063EF500F1B747 /* AddBookWithLinkView.swift in Sources */,
				DE7D53B52A04ADD300AE3C84 /* Book.swift in Sources */,
				DE6A03002A089EB600F1B747 /* LibraryService.swift in Sources */,
				DEE942C52A0B72DC00DD75F6 /* GCDHTTPServer.swift in Sources */,
				DEE942B52A0B40FD00DD75F6 /* EPUBModule.swift in Sources */,
				DEE942AB2A0B40FD00DD75F6 /* SearchView.swift in Sources */,
				DEE942B32A0B40FD00DD75F6 /* ReaderModule.swift in Sources */,
				DEE942C02A0B41BD00DD75F6 /* IconButton.swift in Sources */,
				DEE942AF2A0B40FD00DD75F6 /* TTSView.swift in Sources */,
				DE6A03022A089ED800F1B747 /* LibraryError.swift in Sources */,
				DE4F93E82A0C957700B1F587 /* DRMManagementTableViewController.swift in Sources */,
				DEE942BD2A0B417100DD75F6 /* UserPreferencesStore.swift in Sources */,
				DEE942BB2A0B416C00DD75F6 /* Highlight.swift in Sources */,
				DEE942B22A0B40FD00DD75F6 /* ReaderError.swift in Sources */,
				DE6A02F52A04F30300F1B747 /* Future.swift in Sources */,
				DEE942AE2A0B40FD00DD75F6 /* OutlineTableView.swift in Sources */,
				DE6A03042A089F4700F1B747 /* DRMLibraryService.swift in Sources */,
				DE7D53B82A04AE5200AE3C84 /* Paths.swift in Sources */,
				DEE942A62A0B40FD00DD75F6 /* UserPreferences.swift in Sources */,
				DEE942B62A0B40FD00DD75F6 /* EPUBViewController.swift in Sources */,
				DEE942B42A0B40FD00DD75F6 /* ReaderFormatModule.swift in Sources */,
				DEDAE3182A03B33D0013E657 /* TabPageView.swift in Sources */,
				DEE942A52A0B40FD00DD75F6 /* PDFViewController.swift in Sources */,
				DE4F93E92A0C957700B1F587 /* DRMViewModel.swift in Sources */,
				DEE942C22A0B41DB00DD75F6 /* BarButtonItem.swift in Sources */,
				DE6A02F32A04F2B300F1B747 /* AnyPublisher.swift in Sources */,
				DEE942B02A0B40FD00DD75F6 /* TTSViewModel.swift in Sources */,
				DEE942B92A0B415800DD75F6 /* Bookmark.swift in Sources */,
				DEE942B12A0B40FD00DD75F6 /* ReaderFactory.swift in Sources */,
				DE6A03062A089FC500F1B747 /* HTTPClient.swift in Sources */,
				DE6A02F92A04FE9300F1B747 /* Locator.swift in Sources */,
				DEE942B72A0B40FD00DD75F6 /* Toast.swift in Sources */,
				DEE942A82A0B40FD00DD75F6 /* BookmarkCellView.swift in Sources */,
				DEE942A92A0B40FD00DD75F6 /* HighlightCellView.swift in Sources */,
				DEE942A42A0B40FD00DD75F6 /* PDFModule.swift in Sources */,
				DEE942A72A0B40FD00DD75F6 /* ReaderViewController.swift in Sources */,
				DEE942AA2A0B40FD00DD75F6 /* HighlightContextMenu.swift in Sources */,
				DE6A02F72A04FA4500F1B747 /* Database.swift in Sources */,
				DEE942AC2A0B40FD00DD75F6 /* SearchViewModel.swift in Sources */,
				DE6A02FB2A05067500F1B747 /* BookDetailView.swift in Sources */,
				DEE942C72A0B730700DD75F6 /* ResourceResponse.swift in Sources */,
				DEDAE3162A03B33D0013E657 /* MyReaderApp.swift in Sources */,
				DE7D53B22A04ACCC00AE3C84 /* BookshelfView.swift in Sources */,
			);
			runOnlyForDeploymentPostprocessing = 0;
		};
/* End PBXSourcesBuildPhase section */

/* Begin PBXVariantGroup section */
		DE4F93E22A0C957700B1F587 /* DRM.storyboard */ = {
			isa = PBXVariantGroup;
			children = (
				DE4F93E32A0C957700B1F587 /* Base */,
			);
			name = DRM.storyboard;
			sourceTree = "<group>";
		};
/* End PBXVariantGroup section */

/* Begin XCBuildConfiguration section */
		DEDAE31E2A03B33E0013E657 /* Debug */ = {
			isa = XCBuildConfiguration;
			buildSettings = {
				ALWAYS_SEARCH_USER_PATHS = NO;
				CLANG_ANALYZER_NONNULL = YES;
				CLANG_ANALYZER_NUMBER_OBJECT_CONVERSION = YES_AGGRESSIVE;
				CLANG_CXX_LANGUAGE_STANDARD = "gnu++20";
				CLANG_ENABLE_MODULES = YES;
				CLANG_ENABLE_OBJC_ARC = YES;
				CLANG_ENABLE_OBJC_WEAK = YES;
				CLANG_WARN_BLOCK_CAPTURE_AUTORELEASING = YES;
				CLANG_WARN_BOOL_CONVERSION = YES;
				CLANG_WARN_COMMA = YES;
				CLANG_WARN_CONSTANT_CONVERSION = YES;
				CLANG_WARN_DEPRECATED_OBJC_IMPLEMENTATIONS = YES;
				CLANG_WARN_DIRECT_OBJC_ISA_USAGE = YES_ERROR;
				CLANG_WARN_DOCUMENTATION_COMMENTS = YES;
				CLANG_WARN_EMPTY_BODY = YES;
				CLANG_WARN_ENUM_CONVERSION = YES;
				CLANG_WARN_INFINITE_RECURSION = YES;
				CLANG_WARN_INT_CONVERSION = YES;
				CLANG_WARN_NON_LITERAL_NULL_CONVERSION = YES;
				CLANG_WARN_OBJC_IMPLICIT_RETAIN_SELF = YES;
				CLANG_WARN_OBJC_LITERAL_CONVERSION = YES;
				CLANG_WARN_OBJC_ROOT_CLASS = YES_ERROR;
				CLANG_WARN_QUOTED_INCLUDE_IN_FRAMEWORK_HEADER = YES;
				CLANG_WARN_RANGE_LOOP_ANALYSIS = YES;
				CLANG_WARN_STRICT_PROTOTYPES = YES;
				CLANG_WARN_SUSPICIOUS_MOVE = YES;
				CLANG_WARN_UNGUARDED_AVAILABILITY = YES_AGGRESSIVE;
				CLANG_WARN_UNREACHABLE_CODE = YES;
				CLANG_WARN__DUPLICATE_METHOD_MATCH = YES;
				COPY_PHASE_STRIP = NO;
				DEBUG_INFORMATION_FORMAT = dwarf;
				ENABLE_STRICT_OBJC_MSGSEND = YES;
				ENABLE_TESTABILITY = YES;
				GCC_C_LANGUAGE_STANDARD = gnu11;
				GCC_DYNAMIC_NO_PIC = NO;
				GCC_NO_COMMON_BLOCKS = YES;
				GCC_OPTIMIZATION_LEVEL = 0;
				GCC_PREPROCESSOR_DEFINITIONS = (
					"DEBUG=1",
					"$(inherited)",
				);
				GCC_WARN_64_TO_32_BIT_CONVERSION = YES;
				GCC_WARN_ABOUT_RETURN_TYPE = YES_ERROR;
				GCC_WARN_UNDECLARED_SELECTOR = YES;
				GCC_WARN_UNINITIALIZED_AUTOS = YES_AGGRESSIVE;
				GCC_WARN_UNUSED_FUNCTION = YES;
				GCC_WARN_UNUSED_VARIABLE = YES;
				IPHONEOS_DEPLOYMENT_TARGET = 16.4;
				MTL_ENABLE_DEBUG_INFO = INCLUDE_SOURCE;
				MTL_FAST_MATH = YES;
				ONLY_ACTIVE_ARCH = YES;
				SDKROOT = iphoneos;
				SWIFT_ACTIVE_COMPILATION_CONDITIONS = DEBUG;
				SWIFT_OPTIMIZATION_LEVEL = "-Onone";
			};
			name = Debug;
		};
		DEDAE31F2A03B33E0013E657 /* Release */ = {
			isa = XCBuildConfiguration;
			buildSettings = {
				ALWAYS_SEARCH_USER_PATHS = NO;
				CLANG_ANALYZER_NONNULL = YES;
				CLANG_ANALYZER_NUMBER_OBJECT_CONVERSION = YES_AGGRESSIVE;
				CLANG_CXX_LANGUAGE_STANDARD = "gnu++20";
				CLANG_ENABLE_MODULES = YES;
				CLANG_ENABLE_OBJC_ARC = YES;
				CLANG_ENABLE_OBJC_WEAK = YES;
				CLANG_WARN_BLOCK_CAPTURE_AUTORELEASING = YES;
				CLANG_WARN_BOOL_CONVERSION = YES;
				CLANG_WARN_COMMA = YES;
				CLANG_WARN_CONSTANT_CONVERSION = YES;
				CLANG_WARN_DEPRECATED_OBJC_IMPLEMENTATIONS = YES;
				CLANG_WARN_DIRECT_OBJC_ISA_USAGE = YES_ERROR;
				CLANG_WARN_DOCUMENTATION_COMMENTS = YES;
				CLANG_WARN_EMPTY_BODY = YES;
				CLANG_WARN_ENUM_CONVERSION = YES;
				CLANG_WARN_INFINITE_RECURSION = YES;
				CLANG_WARN_INT_CONVERSION = YES;
				CLANG_WARN_NON_LITERAL_NULL_CONVERSION = YES;
				CLANG_WARN_OBJC_IMPLICIT_RETAIN_SELF = YES;
				CLANG_WARN_OBJC_LITERAL_CONVERSION = YES;
				CLANG_WARN_OBJC_ROOT_CLASS = YES_ERROR;
				CLANG_WARN_QUOTED_INCLUDE_IN_FRAMEWORK_HEADER = YES;
				CLANG_WARN_RANGE_LOOP_ANALYSIS = YES;
				CLANG_WARN_STRICT_PROTOTYPES = YES;
				CLANG_WARN_SUSPICIOUS_MOVE = YES;
				CLANG_WARN_UNGUARDED_AVAILABILITY = YES_AGGRESSIVE;
				CLANG_WARN_UNREACHABLE_CODE = YES;
				CLANG_WARN__DUPLICATE_METHOD_MATCH = YES;
				COPY_PHASE_STRIP = NO;
				DEBUG_INFORMATION_FORMAT = "dwarf-with-dsym";
				ENABLE_NS_ASSERTIONS = NO;
				ENABLE_STRICT_OBJC_MSGSEND = YES;
				GCC_C_LANGUAGE_STANDARD = gnu11;
				GCC_NO_COMMON_BLOCKS = YES;
				GCC_WARN_64_TO_32_BIT_CONVERSION = YES;
				GCC_WARN_ABOUT_RETURN_TYPE = YES_ERROR;
				GCC_WARN_UNDECLARED_SELECTOR = YES;
				GCC_WARN_UNINITIALIZED_AUTOS = YES_AGGRESSIVE;
				GCC_WARN_UNUSED_FUNCTION = YES;
				GCC_WARN_UNUSED_VARIABLE = YES;
				IPHONEOS_DEPLOYMENT_TARGET = 16.4;
				MTL_ENABLE_DEBUG_INFO = NO;
				MTL_FAST_MATH = YES;
				SDKROOT = iphoneos;
				SWIFT_COMPILATION_MODE = wholemodule;
				SWIFT_OPTIMIZATION_LEVEL = "-O";
				VALIDATE_PRODUCT = YES;
			};
			name = Release;
		};
		DEDAE3212A03B33E0013E657 /* Debug */ = {
			isa = XCBuildConfiguration;
			buildSettings = {
				ASSETCATALOG_COMPILER_APPICON_NAME = AppIcon;
				ASSETCATALOG_COMPILER_GLOBAL_ACCENT_COLOR_NAME = AccentColor;
				CODE_SIGN_STYLE = Automatic;
				CURRENT_PROJECT_VERSION = 1;
				DEVELOPMENT_ASSET_PATHS = "\"MyReader/Preview Content\"";
				ENABLE_PREVIEWS = YES;
				GENERATE_INFOPLIST_FILE = YES;
				INFOPLIST_KEY_UIApplicationSceneManifest_Generation = YES;
				INFOPLIST_KEY_UIApplicationSupportsIndirectInputEvents = YES;
				INFOPLIST_KEY_UILaunchScreen_Generation = YES;
				INFOPLIST_KEY_UISupportedInterfaceOrientations_iPad = "UIInterfaceOrientationPortrait UIInterfaceOrientationPortraitUpsideDown UIInterfaceOrientationLandscapeLeft UIInterfaceOrientationLandscapeRight";
				INFOPLIST_KEY_UISupportedInterfaceOrientations_iPhone = "UIInterfaceOrientationPortrait UIInterfaceOrientationLandscapeLeft UIInterfaceOrientationLandscapeRight";
				LD_RUNPATH_SEARCH_PATHS = (
					"$(inherited)",
					"@executable_path/Frameworks",
				);
				MARKETING_VERSION = 1.0;
				PRODUCT_BUNDLE_IDENTIFIER = wisarmy.MyReader;
				PRODUCT_NAME = "$(TARGET_NAME)";
				SWIFT_EMIT_LOC_STRINGS = YES;
				SWIFT_VERSION = 5.0;
				TARGETED_DEVICE_FAMILY = "1,2";
			};
			name = Debug;
		};
		DEDAE3222A03B33E0013E657 /* Release */ = {
			isa = XCBuildConfiguration;
			buildSettings = {
				ASSETCATALOG_COMPILER_APPICON_NAME = AppIcon;
				ASSETCATALOG_COMPILER_GLOBAL_ACCENT_COLOR_NAME = AccentColor;
				CODE_SIGN_STYLE = Automatic;
				CURRENT_PROJECT_VERSION = 1;
				DEVELOPMENT_ASSET_PATHS = "\"MyReader/Preview Content\"";
				ENABLE_PREVIEWS = YES;
				GENERATE_INFOPLIST_FILE = YES;
				INFOPLIST_KEY_UIApplicationSceneManifest_Generation = YES;
				INFOPLIST_KEY_UIApplicationSupportsIndirectInputEvents = YES;
				INFOPLIST_KEY_UILaunchScreen_Generation = YES;
				INFOPLIST_KEY_UISupportedInterfaceOrientations_iPad = "UIInterfaceOrientationPortrait UIInterfaceOrientationPortraitUpsideDown UIInterfaceOrientationLandscapeLeft UIInterfaceOrientationLandscapeRight";
				INFOPLIST_KEY_UISupportedInterfaceOrientations_iPhone = "UIInterfaceOrientationPortrait UIInterfaceOrientationLandscapeLeft UIInterfaceOrientationLandscapeRight";
				LD_RUNPATH_SEARCH_PATHS = (
					"$(inherited)",
					"@executable_path/Frameworks",
				);
				MARKETING_VERSION = 1.0;
				PRODUCT_BUNDLE_IDENTIFIER = wisarmy.MyReader;
				PRODUCT_NAME = "$(TARGET_NAME)";
				SWIFT_EMIT_LOC_STRINGS = YES;
				SWIFT_VERSION = 5.0;
				TARGETED_DEVICE_FAMILY = "1,2";
			};
			name = Release;
		};
/* End XCBuildConfiguration section */

/* Begin XCConfigurationList section */
		DEDAE30D2A03B33D0013E657 /* Build configuration list for PBXProject "MyReader" */ = {
			isa = XCConfigurationList;
			buildConfigurations = (
				DEDAE31E2A03B33E0013E657 /* Debug */,
				DEDAE31F2A03B33E0013E657 /* Release */,
			);
			defaultConfigurationIsVisible = 0;
			defaultConfigurationName = Release;
		};
		DEDAE3202A03B33E0013E657 /* Build configuration list for PBXNativeTarget "MyReader" */ = {
			isa = XCConfigurationList;
			buildConfigurations = (
				DEDAE3212A03B33E0013E657 /* Debug */,
				DEDAE3222A03B33E0013E657 /* Release */,
			);
			defaultConfigurationIsVisible = 0;
			defaultConfigurationName = Release;
		};
/* End XCConfigurationList section */

/* Begin XCRemoteSwiftPackageReference section */
		DE5E42722A04ED8500181764 /* XCRemoteSwiftPackageReference "GRDB" */ = {
			isa = XCRemoteSwiftPackageReference;
			repositoryURL = "https://github.com/groue/GRDB.swift";
			requirement = {
				branch = master;
				kind = branch;
			};
		};
		DE5E42752A04EE2300181764 /* XCRemoteSwiftPackageReference "Kingfisher" */ = {
			isa = XCRemoteSwiftPackageReference;
			repositoryURL = "https://github.com/onevcat/Kingfisher";
			requirement = {
				kind = upToNextMajorVersion;
				minimumVersion = 7.0.0;
			};
		};
		DE5E42782A04EE8E00181764 /* XCRemoteSwiftPackageReference "MBProgressHUD" */ = {
			isa = XCRemoteSwiftPackageReference;
			repositoryURL = "https://github.com/jdg/MBProgressHUD";
			requirement = {
				kind = upToNextMajorVersion;
				minimumVersion = 1.0.0;
			};
		};
		DE6A031F2A08E54F00F1B747 /* XCRemoteSwiftPackageReference "swift-toolkit" */ = {
			isa = XCRemoteSwiftPackageReference;
			repositoryURL = "https://github.com/readium/swift-toolkit";
			requirement = {
				kind = upToNextMajorVersion;
				minimumVersion = 2.5.0;
			};
		};
/* End XCRemoteSwiftPackageReference section */

/* Begin XCSwiftPackageProductDependency section */
		DE5E42732A04ED8500181764 /* GRDB */ = {
			isa = XCSwiftPackageProductDependency;
			package = DE5E42722A04ED8500181764 /* XCRemoteSwiftPackageReference "GRDB" */;
			productName = GRDB;
		};
		DE5E42762A04EE2300181764 /* Kingfisher */ = {
			isa = XCSwiftPackageProductDependency;
			package = DE5E42752A04EE2300181764 /* XCRemoteSwiftPackageReference "Kingfisher" */;
			productName = Kingfisher;
		};
		DE5E42792A04EE8E00181764 /* MBProgressHUD */ = {
			isa = XCSwiftPackageProductDependency;
			package = DE5E42782A04EE8E00181764 /* XCRemoteSwiftPackageReference "MBProgressHUD" */;
			productName = MBProgressHUD;
		};
		DE6A03202A08E54F00F1B747 /* R2Navigator */ = {
			isa = XCSwiftPackageProductDependency;
			package = DE6A031F2A08E54F00F1B747 /* XCRemoteSwiftPackageReference "swift-toolkit" */;
			productName = R2Navigator;
		};
		DE6A03222A08E54F00F1B747 /* R2Shared */ = {
			isa = XCSwiftPackageProductDependency;
			package = DE6A031F2A08E54F00F1B747 /* XCRemoteSwiftPackageReference "swift-toolkit" */;
			productName = R2Shared;
		};
		DE6A03242A08E54F00F1B747 /* R2Streamer */ = {
			isa = XCSwiftPackageProductDependency;
			package = DE6A031F2A08E54F00F1B747 /* XCRemoteSwiftPackageReference "swift-toolkit" */;
			productName = R2Streamer;
		};
		DE6A03262A08E54F00F1B747 /* ReadiumLCP */ = {
			isa = XCSwiftPackageProductDependency;
			package = DE6A031F2A08E54F00F1B747 /* XCRemoteSwiftPackageReference "swift-toolkit" */;
			productName = ReadiumLCP;
		};
		DE6A03282A08E54F00F1B747 /* ReadiumOPDS */ = {
			isa = XCSwiftPackageProductDependency;
			package = DE6A031F2A08E54F00F1B747 /* XCRemoteSwiftPackageReference "swift-toolkit" */;
			productName = ReadiumOPDS;
		};
/* End XCSwiftPackageProductDependency section */
	};
	rootObject = DEDAE30A2A03B33D0013E657 /* Project object */;
}
