// !$*UTF8*$!
{
	archiveVersion = 1;
	classes = {
	};
	objectVersion = 56;
	objects = {

/* Begin PBXBuildFile section */
		DE5E42672A04ED3600181764 /* R2Navigator in Frameworks */ = {isa = PBXBuildFile; productRef = DE5E42662A04ED3600181764 /* R2Navigator */; };
		DE5E42692A04ED3600181764 /* R2Shared in Frameworks */ = {isa = PBXBuildFile; productRef = DE5E42682A04ED3600181764 /* R2Shared */; };
		DE5E426B2A04ED3600181764 /* R2Streamer in Frameworks */ = {isa = PBXBuildFile; productRef = DE5E426A2A04ED3600181764 /* R2Streamer */; };
		DE5E426D2A04ED3600181764 /* ReadiumAdapterGCDWebServer in Frameworks */ = {isa = PBXBuildFile; productRef = DE5E426C2A04ED3600181764 /* ReadiumAdapterGCDWebServer */; };
		DE5E426F2A04ED3600181764 /* ReadiumLCP in Frameworks */ = {isa = PBXBuildFile; productRef = DE5E426E2A04ED3600181764 /* ReadiumLCP */; };
		DE5E42712A04ED3600181764 /* ReadiumOPDS in Frameworks */ = {isa = PBXBuildFile; productRef = DE5E42702A04ED3600181764 /* ReadiumOPDS */; };
		DE5E42742A04ED8500181764 /* GRDB in Frameworks */ = {isa = PBXBuildFile; productRef = DE5E42732A04ED8500181764 /* GRDB */; };
		DE5E42772A04EE2300181764 /* Kingfisher in Frameworks */ = {isa = PBXBuildFile; productRef = DE5E42762A04EE2300181764 /* Kingfisher */; };
		DE5E427A2A04EE8E00181764 /* MBProgressHUD in Frameworks */ = {isa = PBXBuildFile; productRef = DE5E42792A04EE8E00181764 /* MBProgressHUD */; };
		DE5E427C2A04EF4C00181764 /* Publication.swift in Sources */ = {isa = PBXBuildFile; fileRef = DE5E427B2A04EF4C00181764 /* Publication.swift */; };
		DE6A02F32A04F2B300F1B747 /* AnyPublisher.swift in Sources */ = {isa = PBXBuildFile; fileRef = DE6A02F22A04F2B300F1B747 /* AnyPublisher.swift */; };
		DE6A02F52A04F30300F1B747 /* Future.swift in Sources */ = {isa = PBXBuildFile; fileRef = DE6A02F42A04F30300F1B747 /* Future.swift */; };
		DE7D53B22A04ACCC00AE3C84 /* BookshelfView.swift in Sources */ = {isa = PBXBuildFile; fileRef = DE7D53B12A04ACCC00AE3C84 /* BookshelfView.swift */; };
		DE7D53B52A04ADD300AE3C84 /* Book.swift in Sources */ = {isa = PBXBuildFile; fileRef = DE7D53B42A04ADD300AE3C84 /* Book.swift */; };
		DE7D53B82A04AE5200AE3C84 /* Paths.swift in Sources */ = {isa = PBXBuildFile; fileRef = DE7D53B72A04AE5200AE3C84 /* Paths.swift */; };
		DEDAE3162A03B33D0013E657 /* MyReaderApp.swift in Sources */ = {isa = PBXBuildFile; fileRef = DEDAE3152A03B33D0013E657 /* MyReaderApp.swift */; };
		DEDAE3182A03B33D0013E657 /* ContentView.swift in Sources */ = {isa = PBXBuildFile; fileRef = DEDAE3172A03B33D0013E657 /* ContentView.swift */; };
		DEDAE31A2A03B33E0013E657 /* Assets.xcassets in Resources */ = {isa = PBXBuildFile; fileRef = DEDAE3192A03B33E0013E657 /* Assets.xcassets */; };
		DEDAE31D2A03B33E0013E657 /* Preview Assets.xcassets in Resources */ = {isa = PBXBuildFile; fileRef = DEDAE31C2A03B33E0013E657 /* Preview Assets.xcassets */; };
/* End PBXBuildFile section */

/* Begin PBXFileReference section */
		DE5E427B2A04EF4C00181764 /* Publication.swift */ = {isa = PBXFileReference; lastKnownFileType = sourcecode.swift; path = Publication.swift; sourceTree = "<group>"; };
		DE6A02F22A04F2B300F1B747 /* AnyPublisher.swift */ = {isa = PBXFileReference; lastKnownFileType = sourcecode.swift; path = AnyPublisher.swift; sourceTree = "<group>"; };
		DE6A02F42A04F30300F1B747 /* Future.swift */ = {isa = PBXFileReference; lastKnownFileType = sourcecode.swift; path = Future.swift; sourceTree = "<group>"; };
		DE7D53B12A04ACCC00AE3C84 /* BookshelfView.swift */ = {isa = PBXFileReference; lastKnownFileType = sourcecode.swift; path = BookshelfView.swift; sourceTree = "<group>"; };
		DE7D53B42A04ADD300AE3C84 /* Book.swift */ = {isa = PBXFileReference; lastKnownFileType = sourcecode.swift; path = Book.swift; sourceTree = "<group>"; };
		DE7D53B72A04AE5200AE3C84 /* Paths.swift */ = {isa = PBXFileReference; lastKnownFileType = sourcecode.swift; path = Paths.swift; sourceTree = "<group>"; };
		DEDAE3122A03B33D0013E657 /* MyReader.app */ = {isa = PBXFileReference; explicitFileType = wrapper.application; includeInIndex = 0; path = MyReader.app; sourceTree = BUILT_PRODUCTS_DIR; };
		DEDAE3152A03B33D0013E657 /* MyReaderApp.swift */ = {isa = PBXFileReference; lastKnownFileType = sourcecode.swift; path = MyReaderApp.swift; sourceTree = "<group>"; };
		DEDAE3172A03B33D0013E657 /* ContentView.swift */ = {isa = PBXFileReference; lastKnownFileType = sourcecode.swift; path = ContentView.swift; sourceTree = "<group>"; };
		DEDAE3192A03B33E0013E657 /* Assets.xcassets */ = {isa = PBXFileReference; lastKnownFileType = folder.assetcatalog; path = Assets.xcassets; sourceTree = "<group>"; };
		DEDAE31C2A03B33E0013E657 /* Preview Assets.xcassets */ = {isa = PBXFileReference; lastKnownFileType = folder.assetcatalog; path = "Preview Assets.xcassets"; sourceTree = "<group>"; };
/* End PBXFileReference section */

/* Begin PBXFrameworksBuildPhase section */
		DEDAE30F2A03B33D0013E657 /* Frameworks */ = {
			isa = PBXFrameworksBuildPhase;
			buildActionMask = 2147483647;
			files = (
				DE5E42712A04ED3600181764 /* ReadiumOPDS in Frameworks */,
				DE5E426B2A04ED3600181764 /* R2Streamer in Frameworks */,
				DE5E426D2A04ED3600181764 /* ReadiumAdapterGCDWebServer in Frameworks */,
				DE5E427A2A04EE8E00181764 /* MBProgressHUD in Frameworks */,
				DE5E42672A04ED3600181764 /* R2Navigator in Frameworks */,
				DE5E42772A04EE2300181764 /* Kingfisher in Frameworks */,
				DE5E426F2A04ED3600181764 /* ReadiumLCP in Frameworks */,
				DE5E42742A04ED8500181764 /* GRDB in Frameworks */,
				DE5E42692A04ED3600181764 /* R2Shared in Frameworks */,
			);
			runOnlyForDeploymentPostprocessing = 0;
		};
/* End PBXFrameworksBuildPhase section */

/* Begin PBXGroup section */
		DE6A02F02A04F29200F1B747 /* Toolkit */ = {
			isa = PBXGroup;
			children = (
				DE6A02F12A04F29F00F1B747 /* Extensions */,
			);
			path = Toolkit;
			sourceTree = "<group>";
		};
		DE6A02F12A04F29F00F1B747 /* Extensions */ = {
			isa = PBXGroup;
			children = (
				DE6A02F22A04F2B300F1B747 /* AnyPublisher.swift */,
				DE6A02F42A04F30300F1B747 /* Future.swift */,
			);
			path = Extensions;
			sourceTree = "<group>";
		};
		DE7D53B02A04AC9E00AE3C84 /* View */ = {
			isa = PBXGroup;
			children = (
				DE7D53B12A04ACCC00AE3C84 /* BookshelfView.swift */,
			);
			path = View;
			sourceTree = "<group>";
		};
		DE7D53B32A04ADB400AE3C84 /* Model */ = {
			isa = PBXGroup;
			children = (
				DE7D53B42A04ADD300AE3C84 /* Book.swift */,
			);
			path = Model;
			sourceTree = "<group>";
		};
		DE7D53B62A04AE3A00AE3C84 /* Common */ = {
			isa = PBXGroup;
			children = (
				DE6A02F02A04F29200F1B747 /* Toolkit */,
				DE7D53B72A04AE5200AE3C84 /* Paths.swift */,
				DE5E427B2A04EF4C00181764 /* Publication.swift */,
			);
			path = Common;
			sourceTree = "<group>";
		};
		DEDAE3092A03B33D0013E657 = {
			isa = PBXGroup;
			children = (
				DEDAE3142A03B33D0013E657 /* MyReader */,
				DEDAE3132A03B33D0013E657 /* Products */,
			);
			sourceTree = "<group>";
		};
		DEDAE3132A03B33D0013E657 /* Products */ = {
			isa = PBXGroup;
			children = (
				DEDAE3122A03B33D0013E657 /* MyReader.app */,
			);
			name = Products;
			sourceTree = "<group>";
		};
		DEDAE3142A03B33D0013E657 /* MyReader */ = {
			isa = PBXGroup;
			children = (
				DE7D53B62A04AE3A00AE3C84 /* Common */,
				DE7D53B32A04ADB400AE3C84 /* Model */,
				DE7D53B02A04AC9E00AE3C84 /* View */,
				DEDAE3152A03B33D0013E657 /* MyReaderApp.swift */,
				DEDAE3172A03B33D0013E657 /* ContentView.swift */,
				DEDAE3192A03B33E0013E657 /* Assets.xcassets */,
				DEDAE31B2A03B33E0013E657 /* Preview Content */,
			);
			path = MyReader;
			sourceTree = "<group>";
		};
		DEDAE31B2A03B33E0013E657 /* Preview Content */ = {
			isa = PBXGroup;
			children = (
				DEDAE31C2A03B33E0013E657 /* Preview Assets.xcassets */,
			);
			path = "Preview Content";
			sourceTree = "<group>";
		};
/* End PBXGroup section */

/* Begin PBXNativeTarget section */
		DEDAE3112A03B33D0013E657 /* MyReader */ = {
			isa = PBXNativeTarget;
			buildConfigurationList = DEDAE3202A03B33E0013E657 /* Build configuration list for PBXNativeTarget "MyReader" */;
			buildPhases = (
				DEDAE30E2A03B33D0013E657 /* Sources */,
				DEDAE30F2A03B33D0013E657 /* Frameworks */,
				DEDAE3102A03B33D0013E657 /* Resources */,
			);
			buildRules = (
			);
			dependencies = (
			);
			name = MyReader;
			packageProductDependencies = (
				DE5E42662A04ED3600181764 /* R2Navigator */,
				DE5E42682A04ED3600181764 /* R2Shared */,
				DE5E426A2A04ED3600181764 /* R2Streamer */,
				DE5E426C2A04ED3600181764 /* ReadiumAdapterGCDWebServer */,
				DE5E426E2A04ED3600181764 /* ReadiumLCP */,
				DE5E42702A04ED3600181764 /* ReadiumOPDS */,
				DE5E42732A04ED8500181764 /* GRDB */,
				DE5E42762A04EE2300181764 /* Kingfisher */,
				DE5E42792A04EE8E00181764 /* MBProgressHUD */,
			);
			productName = MyReader;
			productReference = DEDAE3122A03B33D0013E657 /* MyReader.app */;
			productType = "com.apple.product-type.application";
		};
/* End PBXNativeTarget section */

/* Begin PBXProject section */
		DEDAE30A2A03B33D0013E657 /* Project object */ = {
			isa = PBXProject;
			attributes = {
				BuildIndependentTargetsInParallel = 1;
				LastSwiftUpdateCheck = 1430;
				LastUpgradeCheck = 1430;
				TargetAttributes = {
					DEDAE3112A03B33D0013E657 = {
						CreatedOnToolsVersion = 14.3;
					};
				};
			};
			buildConfigurationList = DEDAE30D2A03B33D0013E657 /* Build configuration list for PBXProject "MyReader" */;
			compatibilityVersion = "Xcode 14.0";
			developmentRegion = en;
			hasScannedForEncodings = 0;
			knownRegions = (
				en,
				Base,
			);
			mainGroup = DEDAE3092A03B33D0013E657;
			packageReferences = (
				DE5E42652A04ED3600181764 /* XCRemoteSwiftPackageReference "swift-toolkit" */,
				DE5E42722A04ED8500181764 /* XCRemoteSwiftPackageReference "GRDB" */,
				DE5E42752A04EE2300181764 /* XCRemoteSwiftPackageReference "Kingfisher" */,
				DE5E42782A04EE8E00181764 /* XCRemoteSwiftPackageReference "MBProgressHUD" */,
			);
			productRefGroup = DEDAE3132A03B33D0013E657 /* Products */;
			projectDirPath = "";
			projectRoot = "";
			targets = (
				DEDAE3112A03B33D0013E657 /* MyReader */,
			);
		};
/* End PBXProject section */

/* Begin PBXResourcesBuildPhase section */
		DEDAE3102A03B33D0013E657 /* Resources */ = {
			isa = PBXResourcesBuildPhase;
			buildActionMask = 2147483647;
			files = (
				DEDAE31D2A03B33E0013E657 /* Preview Assets.xcassets in Resources */,
				DEDAE31A2A03B33E0013E657 /* Assets.xcassets in Resources */,
			);
			runOnlyForDeploymentPostprocessing = 0;
		};
/* End PBXResourcesBuildPhase section */

/* Begin PBXSourcesBuildPhase section */
		DEDAE30E2A03B33D0013E657 /* Sources */ = {
			isa = PBXSourcesBuildPhase;
			buildActionMask = 2147483647;
			files = (
				DE5E427C2A04EF4C00181764 /* Publication.swift in Sources */,
				DE7D53B52A04ADD300AE3C84 /* Book.swift in Sources */,
				DE6A02F52A04F30300F1B747 /* Future.swift in Sources */,
				DE7D53B82A04AE5200AE3C84 /* Paths.swift in Sources */,
				DEDAE3182A03B33D0013E657 /* ContentView.swift in Sources */,
				DE6A02F32A04F2B300F1B747 /* AnyPublisher.swift in Sources */,
				DEDAE3162A03B33D0013E657 /* MyReaderApp.swift in Sources */,
				DE7D53B22A04ACCC00AE3C84 /* BookshelfView.swift in Sources */,
			);
			runOnlyForDeploymentPostprocessing = 0;
		};
/* End PBXSourcesBuildPhase section */

/* Begin XCBuildConfiguration section */
		DEDAE31E2A03B33E0013E657 /* Debug */ = {
			isa = XCBuildConfiguration;
			buildSettings = {
				ALWAYS_SEARCH_USER_PATHS = NO;
				CLANG_ANALYZER_NONNULL = YES;
				CLANG_ANALYZER_NUMBER_OBJECT_CONVERSION = YES_AGGRESSIVE;
				CLANG_CXX_LANGUAGE_STANDARD = "gnu++20";
				CLANG_ENABLE_MODULES = YES;
				CLANG_ENABLE_OBJC_ARC = YES;
				CLANG_ENABLE_OBJC_WEAK = YES;
				CLANG_WARN_BLOCK_CAPTURE_AUTORELEASING = YES;
				CLANG_WARN_BOOL_CONVERSION = YES;
				CLANG_WARN_COMMA = YES;
				CLANG_WARN_CONSTANT_CONVERSION = YES;
				CLANG_WARN_DEPRECATED_OBJC_IMPLEMENTATIONS = YES;
				CLANG_WARN_DIRECT_OBJC_ISA_USAGE = YES_ERROR;
				CLANG_WARN_DOCUMENTATION_COMMENTS = YES;
				CLANG_WARN_EMPTY_BODY = YES;
				CLANG_WARN_ENUM_CONVERSION = YES;
				CLANG_WARN_INFINITE_RECURSION = YES;
				CLANG_WARN_INT_CONVERSION = YES;
				CLANG_WARN_NON_LITERAL_NULL_CONVERSION = YES;
				CLANG_WARN_OBJC_IMPLICIT_RETAIN_SELF = YES;
				CLANG_WARN_OBJC_LITERAL_CONVERSION = YES;
				CLANG_WARN_OBJC_ROOT_CLASS = YES_ERROR;
				CLANG_WARN_QUOTED_INCLUDE_IN_FRAMEWORK_HEADER = YES;
				CLANG_WARN_RANGE_LOOP_ANALYSIS = YES;
				CLANG_WARN_STRICT_PROTOTYPES = YES;
				CLANG_WARN_SUSPICIOUS_MOVE = YES;
				CLANG_WARN_UNGUARDED_AVAILABILITY = YES_AGGRESSIVE;
				CLANG_WARN_UNREACHABLE_CODE = YES;
				CLANG_WARN__DUPLICATE_METHOD_MATCH = YES;
				COPY_PHASE_STRIP = NO;
				DEBUG_INFORMATION_FORMAT = dwarf;
				ENABLE_STRICT_OBJC_MSGSEND = YES;
				ENABLE_TESTABILITY = YES;
				GCC_C_LANGUAGE_STANDARD = gnu11;
				GCC_DYNAMIC_NO_PIC = NO;
				GCC_NO_COMMON_BLOCKS = YES;
				GCC_OPTIMIZATION_LEVEL = 0;
				GCC_PREPROCESSOR_DEFINITIONS = (
					"DEBUG=1",
					"$(inherited)",
				);
				GCC_WARN_64_TO_32_BIT_CONVERSION = YES;
				GCC_WARN_ABOUT_RETURN_TYPE = YES_ERROR;
				GCC_WARN_UNDECLARED_SELECTOR = YES;
				GCC_WARN_UNINITIALIZED_AUTOS = YES_AGGRESSIVE;
				GCC_WARN_UNUSED_FUNCTION = YES;
				GCC_WARN_UNUSED_VARIABLE = YES;
				IPHONEOS_DEPLOYMENT_TARGET = 14.0;
				MTL_ENABLE_DEBUG_INFO = INCLUDE_SOURCE;
				MTL_FAST_MATH = YES;
				ONLY_ACTIVE_ARCH = YES;
				SDKROOT = iphoneos;
				SWIFT_ACTIVE_COMPILATION_CONDITIONS = DEBUG;
				SWIFT_OPTIMIZATION_LEVEL = "-Onone";
			};
			name = Debug;
		};
		DEDAE31F2A03B33E0013E657 /* Release */ = {
			isa = XCBuildConfiguration;
			buildSettings = {
				ALWAYS_SEARCH_USER_PATHS = NO;
				CLANG_ANALYZER_NONNULL = YES;
				CLANG_ANALYZER_NUMBER_OBJECT_CONVERSION = YES_AGGRESSIVE;
				CLANG_CXX_LANGUAGE_STANDARD = "gnu++20";
				CLANG_ENABLE_MODULES = YES;
				CLANG_ENABLE_OBJC_ARC = YES;
				CLANG_ENABLE_OBJC_WEAK = YES;
				CLANG_WARN_BLOCK_CAPTURE_AUTORELEASING = YES;
				CLANG_WARN_BOOL_CONVERSION = YES;
				CLANG_WARN_COMMA = YES;
				CLANG_WARN_CONSTANT_CONVERSION = YES;
				CLANG_WARN_DEPRECATED_OBJC_IMPLEMENTATIONS = YES;
				CLANG_WARN_DIRECT_OBJC_ISA_USAGE = YES_ERROR;
				CLANG_WARN_DOCUMENTATION_COMMENTS = YES;
				CLANG_WARN_EMPTY_BODY = YES;
				CLANG_WARN_ENUM_CONVERSION = YES;
				CLANG_WARN_INFINITE_RECURSION = YES;
				CLANG_WARN_INT_CONVERSION = YES;
				CLANG_WARN_NON_LITERAL_NULL_CONVERSION = YES;
				CLANG_WARN_OBJC_IMPLICIT_RETAIN_SELF = YES;
				CLANG_WARN_OBJC_LITERAL_CONVERSION = YES;
				CLANG_WARN_OBJC_ROOT_CLASS = YES_ERROR;
				CLANG_WARN_QUOTED_INCLUDE_IN_FRAMEWORK_HEADER = YES;
				CLANG_WARN_RANGE_LOOP_ANALYSIS = YES;
				CLANG_WARN_STRICT_PROTOTYPES = YES;
				CLANG_WARN_SUSPICIOUS_MOVE = YES;
				CLANG_WARN_UNGUARDED_AVAILABILITY = YES_AGGRESSIVE;
				CLANG_WARN_UNREACHABLE_CODE = YES;
				CLANG_WARN__DUPLICATE_METHOD_MATCH = YES;
				COPY_PHASE_STRIP = NO;
				DEBUG_INFORMATION_FORMAT = "dwarf-with-dsym";
				ENABLE_NS_ASSERTIONS = NO;
				ENABLE_STRICT_OBJC_MSGSEND = YES;
				GCC_C_LANGUAGE_STANDARD = gnu11;
				GCC_NO_COMMON_BLOCKS = YES;
				GCC_WARN_64_TO_32_BIT_CONVERSION = YES;
				GCC_WARN_ABOUT_RETURN_TYPE = YES_ERROR;
				GCC_WARN_UNDECLARED_SELECTOR = YES;
				GCC_WARN_UNINITIALIZED_AUTOS = YES_AGGRESSIVE;
				GCC_WARN_UNUSED_FUNCTION = YES;
				GCC_WARN_UNUSED_VARIABLE = YES;
				IPHONEOS_DEPLOYMENT_TARGET = 14.0;
				MTL_ENABLE_DEBUG_INFO = NO;
				MTL_FAST_MATH = YES;
				SDKROOT = iphoneos;
				SWIFT_COMPILATION_MODE = wholemodule;
				SWIFT_OPTIMIZATION_LEVEL = "-O";
				VALIDATE_PRODUCT = YES;
			};
			name = Release;
		};
		DEDAE3212A03B33E0013E657 /* Debug */ = {
			isa = XCBuildConfiguration;
			buildSettings = {
				ASSETCATALOG_COMPILER_APPICON_NAME = AppIcon;
				ASSETCATALOG_COMPILER_GLOBAL_ACCENT_COLOR_NAME = AccentColor;
				CODE_SIGN_STYLE = Automatic;
				CURRENT_PROJECT_VERSION = 1;
				DEVELOPMENT_ASSET_PATHS = "\"MyReader/Preview Content\"";
				ENABLE_PREVIEWS = YES;
				GENERATE_INFOPLIST_FILE = YES;
				INFOPLIST_KEY_UIApplicationSceneManifest_Generation = YES;
				INFOPLIST_KEY_UIApplicationSupportsIndirectInputEvents = YES;
				INFOPLIST_KEY_UILaunchScreen_Generation = YES;
				INFOPLIST_KEY_UISupportedInterfaceOrientations_iPad = "UIInterfaceOrientationPortrait UIInterfaceOrientationPortraitUpsideDown UIInterfaceOrientationLandscapeLeft UIInterfaceOrientationLandscapeRight";
				INFOPLIST_KEY_UISupportedInterfaceOrientations_iPhone = "UIInterfaceOrientationPortrait UIInterfaceOrientationLandscapeLeft UIInterfaceOrientationLandscapeRight";
				LD_RUNPATH_SEARCH_PATHS = (
					"$(inherited)",
					"@executable_path/Frameworks",
				);
				MARKETING_VERSION = 1.0;
				PRODUCT_BUNDLE_IDENTIFIER = wisarmy.MyReader;
				PRODUCT_NAME = "$(TARGET_NAME)";
				SWIFT_EMIT_LOC_STRINGS = YES;
				SWIFT_VERSION = 5.0;
				TARGETED_DEVICE_FAMILY = "1,2";
			};
			name = Debug;
		};
		DEDAE3222A03B33E0013E657 /* Release */ = {
			isa = XCBuildConfiguration;
			buildSettings = {
				ASSETCATALOG_COMPILER_APPICON_NAME = AppIcon;
				ASSETCATALOG_COMPILER_GLOBAL_ACCENT_COLOR_NAME = AccentColor;
				CODE_SIGN_STYLE = Automatic;
				CURRENT_PROJECT_VERSION = 1;
				DEVELOPMENT_ASSET_PATHS = "\"MyReader/Preview Content\"";
				ENABLE_PREVIEWS = YES;
				GENERATE_INFOPLIST_FILE = YES;
				INFOPLIST_KEY_UIApplicationSceneManifest_Generation = YES;
				INFOPLIST_KEY_UIApplicationSupportsIndirectInputEvents = YES;
				INFOPLIST_KEY_UILaunchScreen_Generation = YES;
				INFOPLIST_KEY_UISupportedInterfaceOrientations_iPad = "UIInterfaceOrientationPortrait UIInterfaceOrientationPortraitUpsideDown UIInterfaceOrientationLandscapeLeft UIInterfaceOrientationLandscapeRight";
				INFOPLIST_KEY_UISupportedInterfaceOrientations_iPhone = "UIInterfaceOrientationPortrait UIInterfaceOrientationLandscapeLeft UIInterfaceOrientationLandscapeRight";
				LD_RUNPATH_SEARCH_PATHS = (
					"$(inherited)",
					"@executable_path/Frameworks",
				);
				MARKETING_VERSION = 1.0;
				PRODUCT_BUNDLE_IDENTIFIER = wisarmy.MyReader;
				PRODUCT_NAME = "$(TARGET_NAME)";
				SWIFT_EMIT_LOC_STRINGS = YES;
				SWIFT_VERSION = 5.0;
				TARGETED_DEVICE_FAMILY = "1,2";
			};
			name = Release;
		};
/* End XCBuildConfiguration section */

/* Begin XCConfigurationList section */
		DEDAE30D2A03B33D0013E657 /* Build configuration list for PBXProject "MyReader" */ = {
			isa = XCConfigurationList;
			buildConfigurations = (
				DEDAE31E2A03B33E0013E657 /* Debug */,
				DEDAE31F2A03B33E0013E657 /* Release */,
			);
			defaultConfigurationIsVisible = 0;
			defaultConfigurationName = Release;
		};
		DEDAE3202A03B33E0013E657 /* Build configuration list for PBXNativeTarget "MyReader" */ = {
			isa = XCConfigurationList;
			buildConfigurations = (
				DEDAE3212A03B33E0013E657 /* Debug */,
				DEDAE3222A03B33E0013E657 /* Release */,
			);
			defaultConfigurationIsVisible = 0;
			defaultConfigurationName = Release;
		};
/* End XCConfigurationList section */

/* Begin XCRemoteSwiftPackageReference section */
		DE5E42652A04ED3600181764 /* XCRemoteSwiftPackageReference "swift-toolkit" */ = {
			isa = XCRemoteSwiftPackageReference;
			repositoryURL = "https://github.com/readium/swift-toolkit";
			requirement = {
				kind = upToNextMajorVersion;
				minimumVersion = 2.0.0;
			};
		};
		DE5E42722A04ED8500181764 /* XCRemoteSwiftPackageReference "GRDB" */ = {
			isa = XCRemoteSwiftPackageReference;
			repositoryURL = "https://github.com/groue/GRDB.swift";
			requirement = {
				branch = master;
				kind = branch;
			};
		};
		DE5E42752A04EE2300181764 /* XCRemoteSwiftPackageReference "Kingfisher" */ = {
			isa = XCRemoteSwiftPackageReference;
			repositoryURL = "https://github.com/onevcat/Kingfisher";
			requirement = {
				kind = upToNextMajorVersion;
				minimumVersion = 7.0.0;
			};
		};
		DE5E42782A04EE8E00181764 /* XCRemoteSwiftPackageReference "MBProgressHUD" */ = {
			isa = XCRemoteSwiftPackageReference;
			repositoryURL = "https://github.com/jdg/MBProgressHUD";
			requirement = {
				kind = upToNextMajorVersion;
				minimumVersion = 1.0.0;
			};
		};
/* End XCRemoteSwiftPackageReference section */

/* Begin XCSwiftPackageProductDependency section */
		DE5E42662A04ED3600181764 /* R2Navigator */ = {
			isa = XCSwiftPackageProductDependency;
			package = DE5E42652A04ED3600181764 /* XCRemoteSwiftPackageReference "swift-toolkit" */;
			productName = R2Navigator;
		};
		DE5E42682A04ED3600181764 /* R2Shared */ = {
			isa = XCSwiftPackageProductDependency;
			package = DE5E42652A04ED3600181764 /* XCRemoteSwiftPackageReference "swift-toolkit" */;
			productName = R2Shared;
		};
		DE5E426A2A04ED3600181764 /* R2Streamer */ = {
			isa = XCSwiftPackageProductDependency;
			package = DE5E42652A04ED3600181764 /* XCRemoteSwiftPackageReference "swift-toolkit" */;
			productName = R2Streamer;
		};
		DE5E426C2A04ED3600181764 /* ReadiumAdapterGCDWebServer */ = {
			isa = XCSwiftPackageProductDependency;
			package = DE5E42652A04ED3600181764 /* XCRemoteSwiftPackageReference "swift-toolkit" */;
			productName = ReadiumAdapterGCDWebServer;
		};
		DE5E426E2A04ED3600181764 /* ReadiumLCP */ = {
			isa = XCSwiftPackageProductDependency;
			package = DE5E42652A04ED3600181764 /* XCRemoteSwiftPackageReference "swift-toolkit" */;
			productName = ReadiumLCP;
		};
		DE5E42702A04ED3600181764 /* ReadiumOPDS */ = {
			isa = XCSwiftPackageProductDependency;
			package = DE5E42652A04ED3600181764 /* XCRemoteSwiftPackageReference "swift-toolkit" */;
			productName = ReadiumOPDS;
		};
		DE5E42732A04ED8500181764 /* GRDB */ = {
			isa = XCSwiftPackageProductDependency;
			package = DE5E42722A04ED8500181764 /* XCRemoteSwiftPackageReference "GRDB" */;
			productName = GRDB;
		};
		DE5E42762A04EE2300181764 /* Kingfisher */ = {
			isa = XCSwiftPackageProductDependency;
			package = DE5E42752A04EE2300181764 /* XCRemoteSwiftPackageReference "Kingfisher" */;
			productName = Kingfisher;
		};
		DE5E42792A04EE8E00181764 /* MBProgressHUD */ = {
			isa = XCSwiftPackageProductDependency;
			package = DE5E42782A04EE8E00181764 /* XCRemoteSwiftPackageReference "MBProgressHUD" */;
			productName = MBProgressHUD;
		};
/* End XCSwiftPackageProductDependency section */
	};
	rootObject = DEDAE30A2A03B33D0013E657 /* Project object */;
}
